{
  "nodes": {
    "crane": {
      "inputs": {
        "flake-compat": "flake-compat",
        "flake-utils": [
          "nix-rust-utils",
          "flake-utils"
        ],
        "nixpkgs": [
          "nix-rust-utils",
          "nixpkgs"
        ],
        "rust-overlay": [
          "nix-rust-utils",
          "rust-overlay"
        ]
      },
      "locked": {
        "lastModified": 1682985522,
        "narHash": "sha256-QpaH83EEJ5t2eucsgcuhdgBnvhnm90D1jrCihAql508=",
        "owner": "ipetkov",
        "repo": "crane",
        "rev": "841b3f7017556aa6ed040744f83472835a5bf98e",
        "type": "github"
      },
      "original": {
        "owner": "ipetkov",
        "repo": "crane",
        "type": "github"
      }
    },
    "flake-compat": {
      "flake": false,
      "locked": {
        "lastModified": 1673956053,
        "narHash": "sha256-4gtG9iQuiKITOjNQQeQIpoIB6b16fm+504Ch3sNKLd8=",
        "owner": "edolstra",
        "repo": "flake-compat",
        "rev": "35bb57c0c8d8b62bbfd284272c928ceb64ddbde9",
        "type": "github"
      },
      "original": {
        "owner": "edolstra",
        "repo": "flake-compat",
        "type": "github"
      }
    },
    "flake-utils": {
      "inputs": {
        "systems": "systems"
      },
      "locked": {
        "lastModified": 1681202837,
        "narHash": "sha256-H+Rh19JDwRtpVPAWp64F+rlEtxUWBAQW28eAi3SRSzg=",
        "owner": "numtide",
        "repo": "flake-utils",
        "rev": "cfacdce06f30d2b68473a46042957675eebb3401",
        "type": "github"
      },
      "original": {
        "owner": "numtide",
        "repo": "flake-utils",
        "type": "github"
      }
    },
    "nix-rust-utils": {
      "inputs": {
        "crane": "crane",
        "flake-utils": "flake-utils",
        "nixpkgs": "nixpkgs",
        "nixpkgs-unstable": "nixpkgs-unstable",
        "rust-overlay": "rust-overlay"
      },
      "locked": {
        "lastModified": 0,
        "narHash": "sha256-JY8wixoUswOgQO/vfOkoQPKGdYSWF8snr4X2fgGHn8A=",
        "path": "/nix/store/i5m7n9xv83wzw88jjsr4nsnvmrs96paq-source",
        "type": "path"
      },
      "original": {
        "path": "/nix/store/i5m7n9xv83wzw88jjsr4nsnvmrs96paq-source",
        "type": "path"
      }
    },
    "nixpkgs": {
      "locked": {
        "lastModified": 1686834485,
        "narHash": "sha256-84eeJdnFaWe3+NWMB5T6/wyOdinle6PAaeK66l0ykV8=",
        "owner": "NixOS",
        "repo": "nixpkgs",
        "rev": "2cbae0bfe916fd043a2c1dc6fd998ded55ed222e",
        "type": "github"
      },
      "original": {
        "id": "nixpkgs",
        "ref": "release-23.05",
        "type": "indirect"
      }
    },
    "nixpkgs-unstable": {
      "locked": {
        "lastModified": 1688100262,
        "narHash": "sha256-RlyMyeya6hClpgyMtKLYjf/watrWpyvlwInj8+d94lc=",
        "owner": "NixOS",
        "repo": "nixpkgs",
        "rev": "3c614fbc76fc152f3e1bc4b2263da6d90adf80fb",
        "type": "github"
      },
      "original": {
        "id": "nixpkgs",
        "ref": "nixpkgs-unstable",
        "type": "indirect"
      }
    },
    "root": {
      "inputs": {
        "nix-rust-utils": "nix-rust-utils"
      }
    },
    "rust-overlay": {
      "inputs": {
        "flake-utils": [
          "nix-rust-utils",
          "flake-utils"
        ],
        "nixpkgs": [
          "nix-rust-utils",
          "nixpkgs"
        ]
      },
      "locked": {
        "lastModified": 1682993975,
        "narHash": "sha256-LlI5vwUw97NLAwcOYHRLRfhICVdp7MK2KFcUSj0Zwdg=",
        "owner": "oxalica",
        "repo": "rust-overlay",
        "rev": "07f421299826591e2b28e03bbbe19a5292395afe",
        "type": "github"
      },
      "original": {
        "owner": "oxalica",
        "repo": "rust-overlay",
        "type": "github"
      }
    },
    "systems": {
      "locked": {
        "lastModified": 1681028828,
        "narHash": "sha256-Vy1rq5AaRuLzOxct8nz4T6wlgyUR7zLU309k9mBC768=",
        "owner": "nix-systems",
        "repo": "default",
        "rev": "da67096a3b9bf56a91d16901293e51ba5b49a27e",
        "type": "github"
      },
      "original": {
        "owner": "nix-systems",
        "repo": "default",
        "type": "github"
      }
    }
  },
  "root": "root",
  "version": 7
}
